
Microsoft Visual Studio Solution File, Format Version 10.00
# Visual Studio 2008
Project("{FAE04EC0-301F-11D3-BF4B-00C04F79EFBC}") = "arr_Prog", "arr_Prog\arr_Prog.csproj", "{4430D96F-736B-4EF0-B667-05AA50C9FCBF}"
EndProject
Global
	GlobalSection(SolutionConfigurationPlatforms) = preSolution
		Debug|Any CPU = Debug|Any CPU
		Release|Any CPU = Release|Any CPU
	EndGlobalSection
	GlobalSection(ProjectConfigurationPlatforms) = postSolution
		{4430D96F-736B-4EF0-B667-05AA50C9FCBF}.Debug|Any CPU.ActiveCfg = Debug|Any CPU
		{4430D96F-736B-4EF0-B667-05AA50C9FCBF}.Debug|Any CPU.Build.0 = Debug|Any CPU
		{4430D96F-736B-4EF0-B667-05AA50C9FCBF}.Release|Any CPU.ActiveCfg = Release|Any CPU
		{4430D96F-736B-4EF0-B667-05AA50C9FCBF}.Release|Any CPU.Build.0 = Release|Any CPU
	EndGlobalSection
	GlobalSection(SolutionProperties) = preSolution
		HideSolutionNode = FALSE
	EndGlobalSection
EndGlobal
